// !$*UTF8*$!
{
	archiveVersion = 1;
	classes = {
	};
	objectVersion = 56;
	objects = {

/* Begin PBXBuildFile section */
		A13D2BFE2C492BC000618E46 /* CustomNavigationSwiftUIApp.swift in Sources */ = {isa = PBXBuildFile; fileRef = A13D2BFD2C492BC000618E46 /* CustomNavigationSwiftUIApp.swift */; };
		A13D2C022C492BC100618E46 /* Assets.xcassets in Resources */ = {isa = PBXBuildFile; fileRef = A13D2C012C492BC100618E46 /* Assets.xcassets */; };
		A13D2C052C492BC100618E46 /* Preview Assets.xcassets in Resources */ = {isa = PBXBuildFile; fileRef = A13D2C042C492BC100618E46 /* Preview Assets.xcassets */; };
		A13D2C0E2C492C4C00618E46 /* MainView.swift in Sources */ = {isa = PBXBuildFile; fileRef = A13D2C0D2C492C4C00618E46 /* MainView.swift */; };
		A13D2C102C493CE800618E46 /* ContentView.swift in Sources */ = {isa = PBXBuildFile; fileRef = A13D2C0F2C493CE800618E46 /* ContentView.swift */; };
		A13D2C132C493D1F00618E46 /* NavigationManager.swift in Sources */ = {isa = PBXBuildFile; fileRef = A13D2C122C493D1F00618E46 /* NavigationManager.swift */; };
		A13D2C152C493D5E00618E46 /* NavigationContainer.swift in Sources */ = {isa = PBXBuildFile; fileRef = A13D2C142C493D5E00618E46 /* NavigationContainer.swift */; };
		A13D2C172C493D8800618E46 /* NavigationModifier.swift in Sources */ = {isa = PBXBuildFile; fileRef = A13D2C162C493D8800618E46 /* NavigationModifier.swift */; };
		A13D2C192C493DCA00618E46 /* Extentions.swift in Sources */ = {isa = PBXBuildFile; fileRef = A13D2C182C493DCA00618E46 /* Extentions.swift */; };
		A13D2C1B2C493E0700618E46 /* NavigationButton.swift in Sources */ = {isa = PBXBuildFile; fileRef = A13D2C1A2C493E0700618E46 /* NavigationButton.swift */; };
		A13D2C1D2C493E3400618E46 /* BackToRootView.swift in Sources */ = {isa = PBXBuildFile; fileRef = A13D2C1C2C493E3400618E46 /* BackToRootView.swift */; };
/* End PBXBuildFile section */

/* Begin PBXFileReference section */
		A13D2BFA2C492BC000618E46 /* CustomNavigationSwiftUI.app */ = {isa = PBXFileReference; explicitFileType = wrapper.application; includeInIndex = 0; path = CustomNavigationSwiftUI.app; sourceTree = BUILT_PRODUCTS_DIR; };
		A13D2BFD2C492BC000618E46 /* CustomNavigationSwiftUIApp.swift */ = {isa = PBXFileReference; lastKnownFileType = sourcecode.swift; path = CustomNavigationSwiftUIApp.swift; sourceTree = "<group>"; };
		A13D2C012C492BC100618E46 /* Assets.xcassets */ = {isa = PBXFileReference; lastKnownFileType = folder.assetcatalog; path = Assets.xcassets; sourceTree = "<group>"; };
		A13D2C042C492BC100618E46 /* Preview Assets.xcassets */ = {isa = PBXFileReference; lastKnownFileType = folder.assetcatalog; path = "Preview Assets.xcassets"; sourceTree = "<group>"; };
		A13D2C0D2C492C4C00618E46 /* MainView.swift */ = {isa = PBXFileReference; lastKnownFileType = sourcecode.swift; path = MainView.swift; sourceTree = "<group>"; };
		A13D2C0F2C493CE800618E46 /* ContentView.swift */ = {isa = PBXFileReference; lastKnownFileType = sourcecode.swift; path = ContentView.swift; sourceTree = "<group>"; };
		A13D2C122C493D1F00618E46 /* NavigationManager.swift */ = {isa = PBXFileReference; lastKnownFileType = sourcecode.swift; path = NavigationManager.swift; sourceTree = "<group>"; };
		A13D2C142C493D5E00618E46 /* NavigationContainer.swift */ = {isa = PBXFileReference; lastKnownFileType = sourcecode.swift; path = NavigationContainer.swift; sourceTree = "<group>"; };
		A13D2C162C493D8800618E46 /* NavigationModifier.swift */ = {isa = PBXFileReference; lastKnownFileType = sourcecode.swift; path = NavigationModifier.swift; sourceTree = "<group>"; };
		A13D2C182C493DCA00618E46 /* Extentions.swift */ = {isa = PBXFileReference; lastKnownFileType = sourcecode.swift; path = Extentions.swift; sourceTree = "<group>"; };
		A13D2C1A2C493E0700618E46 /* NavigationButton.swift */ = {isa = PBXFileReference; lastKnownFileType = sourcecode.swift; path = NavigationButton.swift; sourceTree = "<group>"; };
		A13D2C1C2C493E3400618E46 /* BackToRootView.swift */ = {isa = PBXFileReference; lastKnownFileType = sourcecode.swift; path = BackToRootView.swift; sourceTree = "<group>"; };
/* End PBXFileReference section */

/* Begin PBXFrameworksBuildPhase section */
		A13D2BF72C492BC000618E46 /* Frameworks */ = {
			isa = PBXFrameworksBuildPhase;
			buildActionMask = 2147483647;
			files = (
			);
			runOnlyForDeploymentPostprocessing = 0;
		};
/* End PBXFrameworksBuildPhase section */

/* Begin PBXGroup section */
		A13D2BF12C492BC000618E46 = {
			isa = PBXGroup;
			children = (
				A13D2BFC2C492BC000618E46 /* CustomNavigationSwiftUI */,
				A13D2BFB2C492BC000618E46 /* Products */,
			);
			sourceTree = "<group>";
		};
		A13D2BFB2C492BC000618E46 /* Products */ = {
			isa = PBXGroup;
			children = (
				A13D2BFA2C492BC000618E46 /* CustomNavigationSwiftUI.app */,
			);
			name = Products;
			sourceTree = "<group>";
		};
		A13D2BFC2C492BC000618E46 /* CustomNavigationSwiftUI */ = {
			isa = PBXGroup;
			children = (
				A13D2BFD2C492BC000618E46 /* CustomNavigationSwiftUIApp.swift */,
				A13D2C0D2C492C4C00618E46 /* MainView.swift */,
				A13D2C0F2C493CE800618E46 /* ContentView.swift */,
				A13D2C1A2C493E0700618E46 /* NavigationButton.swift */,
				A13D2C1C2C493E3400618E46 /* BackToRootView.swift */,
				A13D2C112C493D0E00618E46 /* Navigation */,
				A13D2C012C492BC100618E46 /* Assets.xcassets */,
				A13D2C182C493DCA00618E46 /* Extentions.swift */,
				A13D2C032C492BC100618E46 /* Preview Content */,
			);
			path = CustomNavigationSwiftUI;
			sourceTree = "<group>";
		};
		A13D2C032C492BC100618E46 /* Preview Content */ = {
			isa = PBXGroup;
			children = (
				A13D2C042C492BC100618E46 /* Preview Assets.xcassets */,
			);
			path = "Preview Content";
			sourceTree = "<group>";
		};
		A13D2C112C493D0E00618E46 /* Navigation */ = {
			isa = PBXGroup;
			children = (
				A13D2C122C493D1F00618E46 /* NavigationManager.swift */,
				A13D2C142C493D5E00618E46 /* NavigationContainer.swift */,
				A13D2C162C493D8800618E46 /* NavigationModifier.swift */,
			);
			path = Navigation;
			sourceTree = "<group>";
		};
/* End PBXGroup section */

/* Begin PBXNativeTarget section */
		A13D2BF92C492BC000618E46 /* CustomNavigationSwiftUI */ = {
			isa = PBXNativeTarget;
			buildConfigurationList = A13D2C082C492BC100618E46 /* Build configuration list for PBXNativeTarget "CustomNavigationSwiftUI" */;
			buildPhases = (
				A13D2BF62C492BC000618E46 /* Sources */,
				A13D2BF72C492BC000618E46 /* Frameworks */,
				A13D2BF82C492BC000618E46 /* Resources */,
			);
			buildRules = (
			);
			dependencies = (
			);
			name = CustomNavigationSwiftUI;
			productName = CustomNavigationSwiftUI;
			productReference = A13D2BFA2C492BC000618E46 /* CustomNavigationSwiftUI.app */;
			productType = "com.apple.product-type.application";
		};
/* End PBXNativeTarget section */

/* Begin PBXProject section */
		A13D2BF22C492BC000618E46 /* Project object */ = {
			isa = PBXProject;
			attributes = {
				BuildIndependentTargetsInParallel = 1;
				LastSwiftUpdateCheck = 1520;
				LastUpgradeCheck = 1520;
				TargetAttributes = {
					A13D2BF92C492BC000618E46 = {
						CreatedOnToolsVersion = 15.2;
					};
				};
			};
			buildConfigurationList = A13D2BF52C492BC000618E46 /* Build configuration list for PBXProject "CustomNavigationSwiftUI" */;
			compatibilityVersion = "Xcode 14.0";
			developmentRegion = en;
			hasScannedForEncodings = 0;
			knownRegions = (
				en,
				Base,
			);
			mainGroup = A13D2BF12C492BC000618E46;
			productRefGroup = A13D2BFB2C492BC000618E46 /* Products */;
			projectDirPath = "";
			projectRoot = "";
			targets = (
				A13D2BF92C492BC000618E46 /* CustomNavigationSwiftUI */,
			);
		};
/* End PBXProject section */

/* Begin PBXResourcesBuildPhase section */
		A13D2BF82C492BC000618E46 /* Resources */ = {
			isa = PBXResourcesBuildPhase;
			buildActionMask = 2147483647;
			files = (
				A13D2C052C492BC100618E46 /* Preview Assets.xcassets in Resources */,
				A13D2C022C492BC100618E46 /* Assets.xcassets in Resources */,
			);
			runOnlyForDeploymentPostprocessing = 0;
		};
/* End PBXResourcesBuildPhase section */

/* Begin PBXSourcesBuildPhase section */
		A13D2BF62C492BC000618E46 /* Sources */ = {
			isa = PBXSourcesBuildPhase;
			buildActionMask = 2147483647;
			files = (
				A13D2BFE2C492BC000618E46 /* CustomNavigationSwiftUIApp.swift in Sources */,
				A13D2C1D2C493E3400618E46 /* BackToRootView.swift in Sources */,
				A13D2C152C493D5E00618E46 /* NavigationContainer.swift in Sources */,
				A13D2C132C493D1F00618E46 /* NavigationManager.swift in Sources */,
				A13D2C0E2C492C4C00618E46 /* MainView.swift in Sources */,
				A13D2C172C493D8800618E46 /* NavigationModifier.swift in Sources */,
				A13D2C1B2C493E0700618E46 /* NavigationButton.swift in Sources */,
				A13D2C102C493CE800618E46 /* ContentView.swift in Sources */,
				A13D2C192C493DCA00618E46 /* Extentions.swift in Sources */,
			);
			runOnlyForDeploymentPostprocessing = 0;
		};
/* End PBXSourcesBuildPhase section */

/* Begin XCBuildConfiguration section */
		A13D2C062C492BC100618E46 /* Debug */ = {
			isa = XCBuildConfiguration;
			buildSettings = {
				ALWAYS_SEARCH_USER_PATHS = NO;
				ASSETCATALOG_COMPILER_GENERATE_SWIFT_ASSET_SYMBOL_EXTENSIONS = YES;
				CLANG_ANALYZER_NONNULL = YES;
				CLANG_ANALYZER_NUMBER_OBJECT_CONVERSION = YES_AGGRESSIVE;
				CLANG_CXX_LANGUAGE_STANDARD = "gnu++20";
				CLANG_ENABLE_MODULES = YES;
				CLANG_ENABLE_OBJC_ARC = YES;
				CLANG_ENABLE_OBJC_WEAK = YES;
				CLANG_WARN_BLOCK_CAPTURE_AUTORELEASING = YES;
				CLANG_WARN_BOOL_CONVERSION = YES;
				CLANG_WARN_COMMA = YES;
				CLANG_WARN_CONSTANT_CONVERSION = YES;
				CLANG_WARN_DEPRECATED_OBJC_IMPLEMENTATIONS = YES;
				CLANG_WARN_DIRECT_OBJC_ISA_USAGE = YES_ERROR;
				CLANG_WARN_DOCUMENTATION_COMMENTS = YES;
				CLANG_WARN_EMPTY_BODY = YES;
				CLANG_WARN_ENUM_CONVERSION = YES;
				CLANG_WARN_INFINITE_RECURSION = YES;
				CLANG_WARN_INT_CONVERSION = YES;
				CLANG_WARN_NON_LITERAL_NULL_CONVERSION = YES;
				CLANG_WARN_OBJC_IMPLICIT_RETAIN_SELF = YES;
				CLANG_WARN_OBJC_LITERAL_CONVERSION = YES;
				CLANG_WARN_OBJC_ROOT_CLASS = YES_ERROR;
				CLANG_WARN_QUOTED_INCLUDE_IN_FRAMEWORK_HEADER = YES;
				CLANG_WARN_RANGE_LOOP_ANALYSIS = YES;
				CLANG_WARN_STRICT_PROTOTYPES = YES;
				CLANG_WARN_SUSPICIOUS_MOVE = YES;
				CLANG_WARN_UNGUARDED_AVAILABILITY = YES_AGGRESSIVE;
				CLANG_WARN_UNREACHABLE_CODE = YES;
				CLANG_WARN__DUPLICATE_METHOD_MATCH = YES;
				COPY_PHASE_STRIP = NO;
				DEBUG_INFORMATION_FORMAT = dwarf;
				ENABLE_STRICT_OBJC_MSGSEND = YES;
				ENABLE_TESTABILITY = YES;
				ENABLE_USER_SCRIPT_SANDBOXING = YES;
				GCC_C_LANGUAGE_STANDARD = gnu17;
				GCC_DYNAMIC_NO_PIC = NO;
				GCC_NO_COMMON_BLOCKS = YES;
				GCC_OPTIMIZATION_LEVEL = 0;
				GCC_PREPROCESSOR_DEFINITIONS = (
					"DEBUG=1",
					"$(inherited)",
				);
				GCC_WARN_64_TO_32_BIT_CONVERSION = YES;
				GCC_WARN_ABOUT_RETURN_TYPE = YES_ERROR;
				GCC_WARN_UNDECLARED_SELECTOR = YES;
				GCC_WARN_UNINITIALIZED_AUTOS = YES_AGGRESSIVE;
				GCC_WARN_UNUSED_FUNCTION = YES;
				GCC_WARN_UNUSED_VARIABLE = YES;
				IPHONEOS_DEPLOYMENT_TARGET = 17.2;
				LOCALIZATION_PREFERS_STRING_CATALOGS = YES;
				MTL_ENABLE_DEBUG_INFO = INCLUDE_SOURCE;
				MTL_FAST_MATH = YES;
				ONLY_ACTIVE_ARCH = YES;
				SDKROOT = iphoneos;
				SWIFT_ACTIVE_COMPILATION_CONDITIONS = "DEBUG $(inherited)";
				SWIFT_OPTIMIZATION_LEVEL = "-Onone";
			};
			name = Debug;
		};
		A13D2C072C492BC100618E46 /* Release */ = {
			isa = XCBuildConfiguration;
			buildSettings = {
				ALWAYS_SEARCH_USER_PATHS = NO;
				ASSETCATALOG_COMPILER_GENERATE_SWIFT_ASSET_SYMBOL_EXTENSIONS = YES;
				CLANG_ANALYZER_NONNULL = YES;
				CLANG_ANALYZER_NUMBER_OBJECT_CONVERSION = YES_AGGRESSIVE;
				CLANG_CXX_LANGUAGE_STANDARD = "gnu++20";
				CLANG_ENABLE_MODULES = YES;
				CLANG_ENABLE_OBJC_ARC = YES;
				CLANG_ENABLE_OBJC_WEAK = YES;
				CLANG_WARN_BLOCK_CAPTURE_AUTORELEASING = YES;
				CLANG_WARN_BOOL_CONVERSION = YES;
				CLANG_WARN_COMMA = YES;
				CLANG_WARN_CONSTANT_CONVERSION = YES;
				CLANG_WARN_DEPRECATED_OBJC_IMPLEMENTATIONS = YES;
				CLANG_WARN_DIRECT_OBJC_ISA_USAGE = YES_ERROR;
				CLANG_WARN_DOCUMENTATION_COMMENTS = YES;
				CLANG_WARN_EMPTY_BODY = YES;
				CLANG_WARN_ENUM_CONVERSION = YES;
				CLANG_WARN_INFINITE_RECURSION = YES;
				CLANG_WARN_INT_CONVERSION = YES;
				CLANG_WARN_NON_LITERAL_NULL_CONVERSION = YES;
				CLANG_WARN_OBJC_IMPLICIT_RETAIN_SELF = YES;
				CLANG_WARN_OBJC_LITERAL_CONVERSION = YES;
				CLANG_WARN_OBJC_ROOT_CLASS = YES_ERROR;
				CLANG_WARN_QUOTED_INCLUDE_IN_FRAMEWORK_HEADER = YES;
				CLANG_WARN_RANGE_LOOP_ANALYSIS = YES;
				CLANG_WARN_STRICT_PROTOTYPES = YES;
				CLANG_WARN_SUSPICIOUS_MOVE = YES;
				CLANG_WARN_UNGUARDED_AVAILABILITY = YES_AGGRESSIVE;
				CLANG_WARN_UNREACHABLE_CODE = YES;
				CLANG_WARN__DUPLICATE_METHOD_MATCH = YES;
				COPY_PHASE_STRIP = NO;
				DEBUG_INFORMATION_FORMAT = "dwarf-with-dsym";
				ENABLE_NS_ASSERTIONS = NO;
				ENABLE_STRICT_OBJC_MSGSEND = YES;
				ENABLE_USER_SCRIPT_SANDBOXING = YES;
				GCC_C_LANGUAGE_STANDARD = gnu17;
				GCC_NO_COMMON_BLOCKS = YES;
				GCC_WARN_64_TO_32_BIT_CONVERSION = YES;
				GCC_WARN_ABOUT_RETURN_TYPE = YES_ERROR;
				GCC_WARN_UNDECLARED_SELECTOR = YES;
				GCC_WARN_UNINITIALIZED_AUTOS = YES_AGGRESSIVE;
				GCC_WARN_UNUSED_FUNCTION = YES;
				GCC_WARN_UNUSED_VARIABLE = YES;
				IPHONEOS_DEPLOYMENT_TARGET = 17.2;
				LOCALIZATION_PREFERS_STRING_CATALOGS = YES;
				MTL_ENABLE_DEBUG_INFO = NO;
				MTL_FAST_MATH = YES;
				SDKROOT = iphoneos;
				SWIFT_COMPILATION_MODE = wholemodule;
				VALIDATE_PRODUCT = YES;
			};
			name = Release;
		};
		A13D2C092C492BC100618E46 /* Debug */ = {
			isa = XCBuildConfiguration;
			buildSettings = {
				ASSETCATALOG_COMPILER_APPICON_NAME = AppIcon;
				ASSETCATALOG_COMPILER_GLOBAL_ACCENT_COLOR_NAME = AccentColor;
				CODE_SIGN_STYLE = Automatic;
				CURRENT_PROJECT_VERSION = 1;
				DEVELOPMENT_ASSET_PATHS = "\"CustomNavigationSwiftUI/Preview Content\"";
				DEVELOPMENT_TEAM = HDWNKQ472C;
				ENABLE_PREVIEWS = YES;
				GENERATE_INFOPLIST_FILE = YES;
				INFOPLIST_KEY_UIApplicationSceneManifest_Generation = YES;
				INFOPLIST_KEY_UIApplicationSupportsIndirectInputEvents = YES;
				INFOPLIST_KEY_UILaunchScreen_Generation = YES;
				INFOPLIST_KEY_UISupportedInterfaceOrientations_iPad = "UIInterfaceOrientationPortrait UIInterfaceOrientationPortraitUpsideDown UIInterfaceOrientationLandscapeLeft UIInterfaceOrientationLandscapeRight";
				INFOPLIST_KEY_UISupportedInterfaceOrientations_iPhone = "UIInterfaceOrientationPortrait UIInterfaceOrientationLandscapeLeft UIInterfaceOrientationLandscapeRight";
				LD_RUNPATH_SEARCH_PATHS = (
					"$(inherited)",
					"@executable_path/Frameworks",
				);
				MARKETING_VERSION = 1.0;
				PRODUCT_BUNDLE_IDENTIFIER = Nikita12G.CustomNavigationSwiftUI;
				PRODUCT_NAME = "$(TARGET_NAME)";
				SWIFT_EMIT_LOC_STRINGS = YES;
				SWIFT_VERSION = 5.0;
				TARGETED_DEVICE_FAMILY = "1,2";
			};
			name = Debug;
		};
		A13D2C0A2C492BC100618E46 /* Release */ = {
			isa = XCBuildConfiguration;
			buildSettings = {
				ASSETCATALOG_COMPILER_APPICON_NAME = AppIcon;
				ASSETCATALOG_COMPILER_GLOBAL_ACCENT_COLOR_NAME = AccentColor;
				CODE_SIGN_STYLE = Automatic;
				CURRENT_PROJECT_VERSION = 1;
				DEVELOPMENT_ASSET_PATHS = "\"CustomNavigationSwiftUI/Preview Content\"";
				DEVELOPMENT_TEAM = HDWNKQ472C;
				ENABLE_PREVIEWS = YES;
				GENERATE_INFOPLIST_FILE = YES;
				INFOPLIST_KEY_UIApplicationSceneManifest_Generation = YES;
				INFOPLIST_KEY_UIApplicationSupportsIndirectInputEvents = YES;
				INFOPLIST_KEY_UILaunchScreen_Generation = YES;
				INFOPLIST_KEY_UISupportedInterfaceOrientations_iPad = "UIInterfaceOrientationPortrait UIInterfaceOrientationPortraitUpsideDown UIInterfaceOrientationLandscapeLeft UIInterfaceOrientationLandscapeRight";
				INFOPLIST_KEY_UISupportedInterfaceOrientations_iPhone = "UIInterfaceOrientationPortrait UIInterfaceOrientationLandscapeLeft UIInterfaceOrientationLandscapeRight";
				LD_RUNPATH_SEARCH_PATHS = (
					"$(inherited)",
					"@executable_path/Frameworks",
				);
				MARKETING_VERSION = 1.0;
				PRODUCT_BUNDLE_IDENTIFIER = Nikita12G.CustomNavigationSwiftUI;
				PRODUCT_NAME = "$(TARGET_NAME)";
				SWIFT_EMIT_LOC_STRINGS = YES;
				SWIFT_VERSION = 5.0;
				TARGETED_DEVICE_FAMILY = "1,2";
			};
			name = Release;
		};
/* End XCBuildConfiguration section */

/* Begin XCConfigurationList section */
		A13D2BF52C492BC000618E46 /* Build configuration list for PBXProject "CustomNavigationSwiftUI" */ = {
			isa = XCConfigurationList;
			buildConfigurations = (
				A13D2C062C492BC100618E46 /* Debug */,
				A13D2C072C492BC100618E46 /* Release */,
			);
			defaultConfigurationIsVisible = 0;
			defaultConfigurationName = Release;
		};
		A13D2C082C492BC100618E46 /* Build configuration list for PBXNativeTarget "CustomNavigationSwiftUI" */ = {
			isa = XCConfigurationList;
			buildConfigurations = (
				A13D2C092C492BC100618E46 /* Debug */,
				A13D2C0A2C492BC100618E46 /* Release */,
			);
			defaultConfigurationIsVisible = 0;
			defaultConfigurationName = Release;
		};
/* End XCConfigurationList section */
	};
	rootObject = A13D2BF22C492BC000618E46 /* Project object */;
}
